
Microsoft Visual Studio Solution File, Format Version 12.00
# Visual Studio Version 17
VisualStudioVersion = 17.11.35312.102
MinimumVisualStudioVersion = 10.0.40219.1
Project("{9A19103F-16F7-4668-BE54-9A1E7A4F7556}") = "GettyImagesScraper", "GettyImagesScraper.csproj", "{E39994AD-2A9E-41F6-AA3D-BAAC003B6874}"
EndProject
Global
	GlobalSection(SolutionConfigurationPlatforms) = preSolution
		Debug|Any CPU = Debug|Any CPU
		Release|Any CPU = Release|Any CPU
	EndGlobalSection
	GlobalSection(ProjectConfigurationPlatforms) = postSolution
		{E39994AD-2A9E-41F6-AA3D-BAAC003B6874}.Debug|Any CPU.ActiveCfg = Debug|Any CPU
		{E39994AD-2A9E-41F6-AA3D-BAAC003B6874}.Debug|Any CPU.Build.0 = Debug|Any CPU
		{E39994AD-2A9E-41F6-AA3D-BAAC003B6874}.Release|Any CPU.ActiveCfg = Release|Any CPU
		{E39994AD-2A9E-41F6-AA3D-BAAC003B6874}.Release|Any CPU.Build.0 = Release|Any CPU
	EndGlobalSection
	GlobalSection(SolutionProperties) = preSolution
		HideSolutionNode = FALSE
	EndGlobalSection
	GlobalSection(ExtensibilityGlobals) = postSolution
		SolutionGuid = {E70BFE53-2059-4391-A771-7A691D2307D6}
	EndGlobalSection
EndGlobal
